
Microsoft Visual Studio Solution File, Format Version 12.00
# Visual Studio Version 17
VisualStudioVersion = 17.0.31903.59
MinimumVisualStudioVersion = 10.0.40219.1
Project("{2150E333-8FDC-42A3-9474-1A3956D46DE8}") = "Core", "Core", "{FBF56CC3-7AE6-AD2D-3F14-7F97FD322CD6}"
EndProject
Project("{2150E333-8FDC-42A3-9474-1A3956D46DE8}") = "Infrastructure", "Infrastructure", "{DFEE68D8-A7D0-1A41-506C-9B74AA9A7B7B}"
EndProject
Project("{FAE04EC0-301F-11D3-BF4B-00C04F79EFBC}") = "Services.Abstractions", "Core\Services.Abstractions\Services.Abstractions.csproj", "{3DA5635F-CBFF-40ED-AE1D-55294D753360}"
EndProject
Project("{FAE04EC0-301F-11D3-BF4B-00C04F79EFBC}") = "Contracts", "Core\Contracts\Contracts.csproj", "{1F2ED6D0-03DD-4CEC-9C70-64895DD95AB2}"
EndProject
Project("{FAE04EC0-301F-11D3-BF4B-00C04F79EFBC}") = "Exceptions", "Core\Exceptions\Exceptions.csproj", "{749FB40D-1772-45BB-97DE-187AB6CBB047}"
EndProject
Project("{FAE04EC0-301F-11D3-BF4B-00C04F79EFBC}") = "Domain", "Core\Domain\Domain.csproj", "{A8F08CE1-B3EE-4F03-9648-938BA1720E1B}"
EndProject
Project("{FAE04EC0-301F-11D3-BF4B-00C04F79EFBC}") = "Services", "Infrastructure\Services\Services.csproj", "{DAA17D42-8FBB-4965-A23F-956D5A135F83}"
EndProject
Project("{FAE04EC0-301F-11D3-BF4B-00C04F79EFBC}") = "Persistence", "Infrastructure\Persistence\Persistence.csproj", "{F51411BF-AA3B-4222-B95D-0850F7ED2F62}"
EndProject
Project("{2150E333-8FDC-42A3-9474-1A3956D46DE8}") = "Api", "Api", "{D82C56D6-B2CD-F611-9E31-04638F7EC30E}"
EndProject
Project("{FAE04EC0-301F-11D3-BF4B-00C04F79EFBC}") = "Api", "Api\Api\Api.csproj", "{0E5B60F2-954D-4FFB-B551-B4A6846303B7}"
EndProject
Project("{FAE04EC0-301F-11D3-BF4B-00C04F79EFBC}") = "Logger", "Infrastructure\Logger\Logger.csproj", "{36373183-B9AF-4FBB-B4B7-E13BE13A21CB}"
EndProject
Global
	GlobalSection(SolutionConfigurationPlatforms) = preSolution
		Debug|Any CPU = Debug|Any CPU
		Debug|x64 = Debug|x64
		Debug|x86 = Debug|x86
		Release|Any CPU = Release|Any CPU
		Release|x64 = Release|x64
		Release|x86 = Release|x86
	EndGlobalSection
	GlobalSection(ProjectConfigurationPlatforms) = postSolution
		{3DA5635F-CBFF-40ED-AE1D-55294D753360}.Debug|Any CPU.ActiveCfg = Debug|Any CPU
		{3DA5635F-CBFF-40ED-AE1D-55294D753360}.Debug|Any CPU.Build.0 = Debug|Any CPU
		{3DA5635F-CBFF-40ED-AE1D-55294D753360}.Debug|x64.ActiveCfg = Debug|Any CPU
		{3DA5635F-CBFF-40ED-AE1D-55294D753360}.Debug|x64.Build.0 = Debug|Any CPU
		{3DA5635F-CBFF-40ED-AE1D-55294D753360}.Debug|x86.ActiveCfg = Debug|Any CPU
		{3DA5635F-CBFF-40ED-AE1D-55294D753360}.Debug|x86.Build.0 = Debug|Any CPU
		{3DA5635F-CBFF-40ED-AE1D-55294D753360}.Release|Any CPU.ActiveCfg = Release|Any CPU
		{3DA5635F-CBFF-40ED-AE1D-55294D753360}.Release|Any CPU.Build.0 = Release|Any CPU
		{3DA5635F-CBFF-40ED-AE1D-55294D753360}.Release|x64.ActiveCfg = Release|Any CPU
		{3DA5635F-CBFF-40ED-AE1D-55294D753360}.Release|x64.Build.0 = Release|Any CPU
		{3DA5635F-CBFF-40ED-AE1D-55294D753360}.Release|x86.ActiveCfg = Release|Any CPU
		{3DA5635F-CBFF-40ED-AE1D-55294D753360}.Release|x86.Build.0 = Release|Any CPU
		{1F2ED6D0-03DD-4CEC-9C70-64895DD95AB2}.Debug|Any CPU.ActiveCfg = Debug|Any CPU
		{1F2ED6D0-03DD-4CEC-9C70-64895DD95AB2}.Debug|Any CPU.Build.0 = Debug|Any CPU
		{1F2ED6D0-03DD-4CEC-9C70-64895DD95AB2}.Debug|x64.ActiveCfg = Debug|Any CPU
		{1F2ED6D0-03DD-4CEC-9C70-64895DD95AB2}.Debug|x64.Build.0 = Debug|Any CPU
		{1F2ED6D0-03DD-4CEC-9C70-64895DD95AB2}.Debug|x86.ActiveCfg = Debug|Any CPU
		{1F2ED6D0-03DD-4CEC-9C70-64895DD95AB2}.Debug|x86.Build.0 = Debug|Any CPU
		{1F2ED6D0-03DD-4CEC-9C70-64895DD95AB2}.Release|Any CPU.ActiveCfg = Release|Any CPU
		{1F2ED6D0-03DD-4CEC-9C70-64895DD95AB2}.Release|Any CPU.Build.0 = Release|Any CPU
		{1F2ED6D0-03DD-4CEC-9C70-64895DD95AB2}.Release|x64.ActiveCfg = Release|Any CPU
		{1F2ED6D0-03DD-4CEC-9C70-64895DD95AB2}.Release|x64.Build.0 = Release|Any CPU
		{1F2ED6D0-03DD-4CEC-9C70-64895DD95AB2}.Release|x86.ActiveCfg = Release|Any CPU
		{1F2ED6D0-03DD-4CEC-9C70-64895DD95AB2}.Release|x86.Build.0 = Release|Any CPU
		{749FB40D-1772-45BB-97DE-187AB6CBB047}.Debug|Any CPU.ActiveCfg = Debug|Any CPU
		{749FB40D-1772-45BB-97DE-187AB6CBB047}.Debug|Any CPU.Build.0 = Debug|Any CPU
		{749FB40D-1772-45BB-97DE-187AB6CBB047}.Debug|x64.ActiveCfg = Debug|Any CPU
		{749FB40D-1772-45BB-97DE-187AB6CBB047}.Debug|x64.Build.0 = Debug|Any CPU
		{749FB40D-1772-45BB-97DE-187AB6CBB047}.Debug|x86.ActiveCfg = Debug|Any CPU
		{749FB40D-1772-45BB-97DE-187AB6CBB047}.Debug|x86.Build.0 = Debug|Any CPU
		{749FB40D-1772-45BB-97DE-187AB6CBB047}.Release|Any CPU.ActiveCfg = Release|Any CPU
		{749FB40D-1772-45BB-97DE-187AB6CBB047}.Release|Any CPU.Build.0 = Release|Any CPU
		{749FB40D-1772-45BB-97DE-187AB6CBB047}.Release|x64.ActiveCfg = Release|Any CPU
		{749FB40D-1772-45BB-97DE-187AB6CBB047}.Release|x64.Build.0 = Release|Any CPU
		{749FB40D-1772-45BB-97DE-187AB6CBB047}.Release|x86.ActiveCfg = Release|Any CPU
		{749FB40D-1772-45BB-97DE-187AB6CBB047}.Release|x86.Build.0 = Release|Any CPU
		{A8F08CE1-B3EE-4F03-9648-938BA1720E1B}.Debug|Any CPU.ActiveCfg = Debug|Any CPU
		{A8F08CE1-B3EE-4F03-9648-938BA1720E1B}.Debug|Any CPU.Build.0 = Debug|Any CPU
		{A8F08CE1-B3EE-4F03-9648-938BA1720E1B}.Debug|x64.ActiveCfg = Debug|Any CPU
		{A8F08CE1-B3EE-4F03-9648-938BA1720E1B}.Debug|x64.Build.0 = Debug|Any CPU
		{A8F08CE1-B3EE-4F03-9648-938BA1720E1B}.Debug|x86.ActiveCfg = Debug|Any CPU
		{A8F08CE1-B3EE-4F03-9648-938BA1720E1B}.Debug|x86.Build.0 = Debug|Any CPU
		{A8F08CE1-B3EE-4F03-9648-938BA1720E1B}.Release|Any CPU.ActiveCfg = Release|Any CPU
		{A8F08CE1-B3EE-4F03-9648-938BA1720E1B}.Release|Any CPU.Build.0 = Release|Any CPU
		{A8F08CE1-B3EE-4F03-9648-938BA1720E1B}.Release|x64.ActiveCfg = Release|Any CPU
		{A8F08CE1-B3EE-4F03-9648-938BA1720E1B}.Release|x64.Build.0 = Release|Any CPU
		{A8F08CE1-B3EE-4F03-9648-938BA1720E1B}.Release|x86.ActiveCfg = Release|Any CPU
		{A8F08CE1-B3EE-4F03-9648-938BA1720E1B}.Release|x86.Build.0 = Release|Any CPU
		{DAA17D42-8FBB-4965-A23F-956D5A135F83}.Debug|Any CPU.ActiveCfg = Debug|Any CPU
		{DAA17D42-8FBB-4965-A23F-956D5A135F83}.Debug|Any CPU.Build.0 = Debug|Any CPU
		{DAA17D42-8FBB-4965-A23F-956D5A135F83}.Debug|x64.ActiveCfg = Debug|Any CPU
		{DAA17D42-8FBB-4965-A23F-956D5A135F83}.Debug|x64.Build.0 = Debug|Any CPU
		{DAA17D42-8FBB-4965-A23F-956D5A135F83}.Debug|x86.ActiveCfg = Debug|Any CPU
		{DAA17D42-8FBB-4965-A23F-956D5A135F83}.Debug|x86.Build.0 = Debug|Any CPU
		{DAA17D42-8FBB-4965-A23F-956D5A135F83}.Release|Any CPU.ActiveCfg = Release|Any CPU
		{DAA17D42-8FBB-4965-A23F-956D5A135F83}.Release|Any CPU.Build.0 = Release|Any CPU
		{DAA17D42-8FBB-4965-A23F-956D5A135F83}.Release|x64.ActiveCfg = Release|Any CPU
		{DAA17D42-8FBB-4965-A23F-956D5A135F83}.Release|x64.Build.0 = Release|Any CPU
		{DAA17D42-8FBB-4965-A23F-956D5A135F83}.Release|x86.ActiveCfg = Release|Any CPU
		{DAA17D42-8FBB-4965-A23F-956D5A135F83}.Release|x86.Build.0 = Release|Any CPU
		{F51411BF-AA3B-4222-B95D-0850F7ED2F62}.Debug|Any CPU.ActiveCfg = Debug|Any CPU
		{F51411BF-AA3B-4222-B95D-0850F7ED2F62}.Debug|Any CPU.Build.0 = Debug|Any CPU
		{F51411BF-AA3B-4222-B95D-0850F7ED2F62}.Debug|x64.ActiveCfg = Debug|Any CPU
		{F51411BF-AA3B-4222-B95D-0850F7ED2F62}.Debug|x64.Build.0 = Debug|Any CPU
		{F51411BF-AA3B-4222-B95D-0850F7ED2F62}.Debug|x86.ActiveCfg = Debug|Any CPU
		{F51411BF-AA3B-4222-B95D-0850F7ED2F62}.Debug|x86.Build.0 = Debug|Any CPU
		{F51411BF-AA3B-4222-B95D-0850F7ED2F62}.Release|Any CPU.ActiveCfg = Release|Any CPU
		{F51411BF-AA3B-4222-B95D-0850F7ED2F62}.Release|Any CPU.Build.0 = Release|Any CPU
		{F51411BF-AA3B-4222-B95D-0850F7ED2F62}.Release|x64.ActiveCfg = Release|Any CPU
		{F51411BF-AA3B-4222-B95D-0850F7ED2F62}.Release|x64.Build.0 = Release|Any CPU
		{F51411BF-AA3B-4222-B95D-0850F7ED2F62}.Release|x86.ActiveCfg = Release|Any CPU
		{F51411BF-AA3B-4222-B95D-0850F7ED2F62}.Release|x86.Build.0 = Release|Any CPU
		{0E5B60F2-954D-4FFB-B551-B4A6846303B7}.Debug|Any CPU.ActiveCfg = Debug|Any CPU
		{0E5B60F2-954D-4FFB-B551-B4A6846303B7}.Debug|Any CPU.Build.0 = Debug|Any CPU
		{0E5B60F2-954D-4FFB-B551-B4A6846303B7}.Debug|x64.ActiveCfg = Debug|Any CPU
		{0E5B60F2-954D-4FFB-B551-B4A6846303B7}.Debug|x64.Build.0 = Debug|Any CPU
		{0E5B60F2-954D-4FFB-B551-B4A6846303B7}.Debug|x86.ActiveCfg = Debug|Any CPU
		{0E5B60F2-954D-4FFB-B551-B4A6846303B7}.Debug|x86.Build.0 = Debug|Any CPU
		{0E5B60F2-954D-4FFB-B551-B4A6846303B7}.Release|Any CPU.ActiveCfg = Release|Any CPU
		{0E5B60F2-954D-4FFB-B551-B4A6846303B7}.Release|Any CPU.Build.0 = Release|Any CPU
		{0E5B60F2-954D-4FFB-B551-B4A6846303B7}.Release|x64.ActiveCfg = Release|Any CPU
		{0E5B60F2-954D-4FFB-B551-B4A6846303B7}.Release|x64.Build.0 = Release|Any CPU
		{0E5B60F2-954D-4FFB-B551-B4A6846303B7}.Release|x86.ActiveCfg = Release|Any CPU
		{0E5B60F2-954D-4FFB-B551-B4A6846303B7}.Release|x86.Build.0 = Release|Any CPU
		{36373183-B9AF-4FBB-B4B7-E13BE13A21CB}.Debug|Any CPU.ActiveCfg = Debug|Any CPU
		{36373183-B9AF-4FBB-B4B7-E13BE13A21CB}.Debug|Any CPU.Build.0 = Debug|Any CPU
		{36373183-B9AF-4FBB-B4B7-E13BE13A21CB}.Debug|x64.ActiveCfg = Debug|Any CPU
		{36373183-B9AF-4FBB-B4B7-E13BE13A21CB}.Debug|x64.Build.0 = Debug|Any CPU
		{36373183-B9AF-4FBB-B4B7-E13BE13A21CB}.Debug|x86.ActiveCfg = Debug|Any CPU
		{36373183-B9AF-4FBB-B4B7-E13BE13A21CB}.Debug|x86.Build.0 = Debug|Any CPU
		{36373183-B9AF-4FBB-B4B7-E13BE13A21CB}.Release|Any CPU.ActiveCfg = Release|Any CPU
		{36373183-B9AF-4FBB-B4B7-E13BE13A21CB}.Release|Any CPU.Build.0 = Release|Any CPU
		{36373183-B9AF-4FBB-B4B7-E13BE13A21CB}.Release|x64.ActiveCfg = Release|Any CPU
		{36373183-B9AF-4FBB-B4B7-E13BE13A21CB}.Release|x64.Build.0 = Release|Any CPU
		{36373183-B9AF-4FBB-B4B7-E13BE13A21CB}.Release|x86.ActiveCfg = Release|Any CPU
		{36373183-B9AF-4FBB-B4B7-E13BE13A21CB}.Release|x86.Build.0 = Release|Any CPU
	EndGlobalSection
	GlobalSection(SolutionProperties) = preSolution
		HideSolutionNode = FALSE
	EndGlobalSection
	GlobalSection(NestedProjects) = preSolution
		{3DA5635F-CBFF-40ED-AE1D-55294D753360} = {FBF56CC3-7AE6-AD2D-3F14-7F97FD322CD6}
		{1F2ED6D0-03DD-4CEC-9C70-64895DD95AB2} = {FBF56CC3-7AE6-AD2D-3F14-7F97FD322CD6}
		{749FB40D-1772-45BB-97DE-187AB6CBB047} = {FBF56CC3-7AE6-AD2D-3F14-7F97FD322CD6}
		{A8F08CE1-B3EE-4F03-9648-938BA1720E1B} = {FBF56CC3-7AE6-AD2D-3F14-7F97FD322CD6}
		{DAA17D42-8FBB-4965-A23F-956D5A135F83} = {DFEE68D8-A7D0-1A41-506C-9B74AA9A7B7B}
		{F51411BF-AA3B-4222-B95D-0850F7ED2F62} = {DFEE68D8-A7D0-1A41-506C-9B74AA9A7B7B}
		{0E5B60F2-954D-4FFB-B551-B4A6846303B7} = {D82C56D6-B2CD-F611-9E31-04638F7EC30E}
		{36373183-B9AF-4FBB-B4B7-E13BE13A21CB} = {DFEE68D8-A7D0-1A41-506C-9B74AA9A7B7B}
	EndGlobalSection
EndGlobal
